{
  "nodes": {
    "customNixpkgs": {
      "locked": {
        "lastModified": 1621762646,
        "narHash": "sha256-G6qipi11DH/+t3M7y8T7ZQNncpbQTF8VFEgyH6naRzw=",
        "owner": "nixos",
        "repo": "nixpkgs",
        "rev": "4753aa83712b2870f091d57fbe06f823465228b5",
        "type": "github"
      },
      "original": {
        "owner": "nixos",
        "repo": "nixpkgs",
        "rev": "4753aa83712b2870f091d57fbe06f823465228b5",
        "type": "github"
      }
    },
    "flake-utils": {
      "locked": {
        "lastModified": 1620759905,
        "narHash": "sha256-WiyWawrgmyN0EdmiHyG2V+fqReiVi8bM9cRdMaKQOFg=",
        "owner": "numtide",
        "repo": "flake-utils",
        "rev": "b543720b25df6ffdfcf9227afafc5b8c1fabfae8",
        "type": "github"
      },
      "original": {
        "owner": "numtide",
        "repo": "flake-utils",
        "type": "github"
      }
    },
    "nixpkgs": {
      "locked": {
        "lastModified": 1614975450,
        "narHash": "sha256-guQeKuY2xJXAV8U5Wnz9h43yd80AEtnrfR7KumemBeQ=",
        "owner": "nixos",
        "repo": "nixpkgs",
        "rev": "1ac507ba981970c8e864624542e31eb1f4049751",
        "type": "github"
      },
      "original": {
        "owner": "nixos",
        "repo": "nixpkgs",
        "rev": "1ac507ba981970c8e864624542e31eb1f4049751",
        "type": "github"
      }
    },
    "root": {
      "inputs": {
        "customNixpkgs": "customNixpkgs",
        "flake-utils": "flake-utils",
        "nixpkgs": "nixpkgs"
      }
    }
  },
  "root": "root",
  "version": 7
}
